
Microsoft Visual Studio Solution File, Format Version 12.00
# Visual Studio 15
VisualStudioVersion = 15.0.28010.2003
MinimumVisualStudioVersion = 10.0.40219.1
Project("{FAE04EC0-301F-11D3-BF4B-00C04F79EFBC}") = "Tietokanta", "Tietokanta.csproj", "{EDBC6494-E106-40B9-9F84-5A7F48EACC2C}"
EndProject
Global
	GlobalSection(SolutionConfigurationPlatforms) = preSolution
		Debug|x86 = Debug|x86
		Release|x86 = Release|x86
	EndGlobalSection
	GlobalSection(ProjectConfigurationPlatforms) = postSolution
		{EDBC6494-E106-40B9-9F84-5A7F48EACC2C}.Debug|x86.ActiveCfg = Debug|x86
		{EDBC6494-E106-40B9-9F84-5A7F48EACC2C}.Debug|x86.Build.0 = Debug|x86
		{EDBC6494-E106-40B9-9F84-5A7F48EACC2C}.Release|x86.ActiveCfg = Release|x86
		{EDBC6494-E106-40B9-9F84-5A7F48EACC2C}.Release|x86.Build.0 = Release|x86
	EndGlobalSection
	GlobalSection(SolutionProperties) = preSolution
		HideSolutionNode = FALSE
	EndGlobalSection
	GlobalSection(ExtensibilityGlobals) = postSolution
		SolutionGuid = {FBF1C704-6ED8-414C-AF6D-D9B72FEA99EA}
	EndGlobalSection
EndGlobal
